
Microsoft Visual Studio Solution File, Format Version 12.00
# Visual Studio Version 16
VisualStudioVersion = 16.0.30114.105
MinimumVisualStudioVersion = 10.0.40219.1
Project("{FAE04EC0-301F-11D3-BF4B-00C04F79EFBC}") = "Farsight.Backend", "Farsight.Backend\Farsight.Backend.csproj", "{5ACEC1D7-6AA0-4041-B290-52BCDD472A07}"
EndProject
Project("{FAE04EC0-301F-11D3-BF4B-00C04F79EFBC}") = "Farsight.CommonService", "Farsight.CommonService\Farsight.CommonService.csproj", "{9B170B0B-7FA6-41D6-A675-364DBC10408F}"
EndProject
Global
	GlobalSection(SolutionConfigurationPlatforms) = preSolution
		Debug|Any CPU = Debug|Any CPU
		Debug|x64 = Debug|x64
		Debug|x86 = Debug|x86
		Release|Any CPU = Release|Any CPU
		Release|x64 = Release|x64
		Release|x86 = Release|x86
	EndGlobalSection
	GlobalSection(SolutionProperties) = preSolution
		HideSolutionNode = FALSE
	EndGlobalSection
	GlobalSection(ProjectConfigurationPlatforms) = postSolution
		{5ACEC1D7-6AA0-4041-B290-52BCDD472A07}.Debug|Any CPU.ActiveCfg = Debug|Any CPU
		{5ACEC1D7-6AA0-4041-B290-52BCDD472A07}.Debug|Any CPU.Build.0 = Debug|Any CPU
		{5ACEC1D7-6AA0-4041-B290-52BCDD472A07}.Debug|x64.ActiveCfg = Debug|Any CPU
		{5ACEC1D7-6AA0-4041-B290-52BCDD472A07}.Debug|x64.Build.0 = Debug|Any CPU
		{5ACEC1D7-6AA0-4041-B290-52BCDD472A07}.Debug|x86.ActiveCfg = Debug|Any CPU
		{5ACEC1D7-6AA0-4041-B290-52BCDD472A07}.Debug|x86.Build.0 = Debug|Any CPU
		{5ACEC1D7-6AA0-4041-B290-52BCDD472A07}.Release|Any CPU.ActiveCfg = Release|Any CPU
		{5ACEC1D7-6AA0-4041-B290-52BCDD472A07}.Release|Any CPU.Build.0 = Release|Any CPU
		{5ACEC1D7-6AA0-4041-B290-52BCDD472A07}.Release|x64.ActiveCfg = Release|Any CPU
		{5ACEC1D7-6AA0-4041-B290-52BCDD472A07}.Release|x64.Build.0 = Release|Any CPU
		{5ACEC1D7-6AA0-4041-B290-52BCDD472A07}.Release|x86.ActiveCfg = Release|Any CPU
		{5ACEC1D7-6AA0-4041-B290-52BCDD472A07}.Release|x86.Build.0 = Release|Any CPU
		{9B170B0B-7FA6-41D6-A675-364DBC10408F}.Debug|Any CPU.ActiveCfg = Debug|Any CPU
		{9B170B0B-7FA6-41D6-A675-364DBC10408F}.Debug|Any CPU.Build.0 = Debug|Any CPU
		{9B170B0B-7FA6-41D6-A675-364DBC10408F}.Debug|x64.ActiveCfg = Debug|Any CPU
		{9B170B0B-7FA6-41D6-A675-364DBC10408F}.Debug|x64.Build.0 = Debug|Any CPU
		{9B170B0B-7FA6-41D6-A675-364DBC10408F}.Debug|x86.ActiveCfg = Debug|Any CPU
		{9B170B0B-7FA6-41D6-A675-364DBC10408F}.Debug|x86.Build.0 = Debug|Any CPU
		{9B170B0B-7FA6-41D6-A675-364DBC10408F}.Release|Any CPU.ActiveCfg = Release|Any CPU
		{9B170B0B-7FA6-41D6-A675-364DBC10408F}.Release|Any CPU.Build.0 = Release|Any CPU
		{9B170B0B-7FA6-41D6-A675-364DBC10408F}.Release|x64.ActiveCfg = Release|Any CPU
		{9B170B0B-7FA6-41D6-A675-364DBC10408F}.Release|x64.Build.0 = Release|Any CPU
		{9B170B0B-7FA6-41D6-A675-364DBC10408F}.Release|x86.ActiveCfg = Release|Any CPU
		{9B170B0B-7FA6-41D6-A675-364DBC10408F}.Release|x86.Build.0 = Release|Any CPU
	EndGlobalSection
EndGlobal
